
Microsoft Visual Studio Solution File, Format Version 12.00
# Visual Studio 15
VisualStudioVersion = 15.0.27004.2006
MinimumVisualStudioVersion = 10.0.40219.1
Project("{FAE04EC0-301F-11D3-BF4B-00C04F79EFBC}") = "P01_HelloSoftUni", "P01_HelloSoftUni\P01_HelloSoftUni.csproj", "{93EDD824-0D45-4C50-9625-8FA7C9DA5D19}"
EndProject
Project("{FAE04EC0-301F-11D3-BF4B-00C04F79EFBC}") = "P02_Expression", "P02_Expression\P02_Expression.csproj", "{6ABDEEBD-F0FB-4A2E-989D-C81C1CB07DB7}"
EndProject
Project("{FAE04EC0-301F-11D3-BF4B-00C04F79EFBC}") = "P03_NumsFrom1To20", "P03_NumsFrom1To20\P03_NumsFrom1To20.csproj", "{33763262-B0A2-41B3-8E72-C78EE8FADF54}"
EndProject
Project("{FAE04EC0-301F-11D3-BF4B-00C04F79EFBC}") = "P04_TriangleOf55Stars", "P04_TriangleOf55Stars\P04_TriangleOf55Stars.csproj", "{278E5F86-7A66-4B80-AA5E-102FB2161E36}"
EndProject
Project("{FAE04EC0-301F-11D3-BF4B-00C04F79EFBC}") = "P05_RectangleArea", "P05_RectangleArea\P05_RectangleArea.csproj", "{C0A1CA10-78BD-4159-831B-36CC17A960B2}"
EndProject
Project("{FAE04EC0-301F-11D3-BF4B-00C04F79EFBC}") = "P06_SquareOfStars", "P06_SquareOfStars\P06_SquareOfStars.csproj", "{E088A58E-0159-4748-9E26-CB2AD0228E41}"
EndProject
Global
	GlobalSection(SolutionConfigurationPlatforms) = preSolution
		Debug|Any CPU = Debug|Any CPU
		Release|Any CPU = Release|Any CPU
	EndGlobalSection
	GlobalSection(ProjectConfigurationPlatforms) = postSolution
		{93EDD824-0D45-4C50-9625-8FA7C9DA5D19}.Debug|Any CPU.ActiveCfg = Debug|Any CPU
		{93EDD824-0D45-4C50-9625-8FA7C9DA5D19}.Debug|Any CPU.Build.0 = Debug|Any CPU
		{93EDD824-0D45-4C50-9625-8FA7C9DA5D19}.Release|Any CPU.ActiveCfg = Release|Any CPU
		{93EDD824-0D45-4C50-9625-8FA7C9DA5D19}.Release|Any CPU.Build.0 = Release|Any CPU
		{6ABDEEBD-F0FB-4A2E-989D-C81C1CB07DB7}.Debug|Any CPU.ActiveCfg = Debug|Any CPU
		{6ABDEEBD-F0FB-4A2E-989D-C81C1CB07DB7}.Debug|Any CPU.Build.0 = Debug|Any CPU
		{6ABDEEBD-F0FB-4A2E-989D-C81C1CB07DB7}.Release|Any CPU.ActiveCfg = Release|Any CPU
		{6ABDEEBD-F0FB-4A2E-989D-C81C1CB07DB7}.Release|Any CPU.Build.0 = Release|Any CPU
		{33763262-B0A2-41B3-8E72-C78EE8FADF54}.Debug|Any CPU.ActiveCfg = Debug|Any CPU
		{33763262-B0A2-41B3-8E72-C78EE8FADF54}.Debug|Any CPU.Build.0 = Debug|Any CPU
		{33763262-B0A2-41B3-8E72-C78EE8FADF54}.Release|Any CPU.ActiveCfg = Release|Any CPU
		{33763262-B0A2-41B3-8E72-C78EE8FADF54}.Release|Any CPU.Build.0 = Release|Any CPU
		{278E5F86-7A66-4B80-AA5E-102FB2161E36}.Debug|Any CPU.ActiveCfg = Debug|Any CPU
		{278E5F86-7A66-4B80-AA5E-102FB2161E36}.Debug|Any CPU.Build.0 = Debug|Any CPU
		{278E5F86-7A66-4B80-AA5E-102FB2161E36}.Release|Any CPU.ActiveCfg = Release|Any CPU
		{278E5F86-7A66-4B80-AA5E-102FB2161E36}.Release|Any CPU.Build.0 = Release|Any CPU
		{C0A1CA10-78BD-4159-831B-36CC17A960B2}.Debug|Any CPU.ActiveCfg = Debug|Any CPU
		{C0A1CA10-78BD-4159-831B-36CC17A960B2}.Debug|Any CPU.Build.0 = Debug|Any CPU
		{C0A1CA10-78BD-4159-831B-36CC17A960B2}.Release|Any CPU.ActiveCfg = Release|Any CPU
		{C0A1CA10-78BD-4159-831B-36CC17A960B2}.Release|Any CPU.Build.0 = Release|Any CPU
		{E088A58E-0159-4748-9E26-CB2AD0228E41}.Debug|Any CPU.ActiveCfg = Debug|Any CPU
		{E088A58E-0159-4748-9E26-CB2AD0228E41}.Debug|Any CPU.Build.0 = Debug|Any CPU
		{E088A58E-0159-4748-9E26-CB2AD0228E41}.Release|Any CPU.ActiveCfg = Release|Any CPU
		{E088A58E-0159-4748-9E26-CB2AD0228E41}.Release|Any CPU.Build.0 = Release|Any CPU
	EndGlobalSection
	GlobalSection(SolutionProperties) = preSolution
		HideSolutionNode = FALSE
	EndGlobalSection
	GlobalSection(ExtensibilityGlobals) = postSolution
		SolutionGuid = {D0FBA96D-2C71-4E2E-9A80-7D0B128289DE}
	EndGlobalSection
EndGlobal
