
Microsoft Visual Studio Solution File, Format Version 12.00
# Visual Studio 15
VisualStudioVersion = 15.0.27004.2006
MinimumVisualStudioVersion = 10.0.40219.1
Project("{FAE04EC0-301F-11D3-BF4B-00C04F79EFBC}") = "P01_PersonalTitles", "P01_PersonalTitles\P01_PersonalTitles.csproj", "{2F27061F-FEA8-4031-B36A-29AB6AB8A430}"
EndProject
Project("{FAE04EC0-301F-11D3-BF4B-00C04F79EFBC}") = "P02_SmallShop", "P02_SmallShop\P02_SmallShop.csproj", "{2BEDE196-9876-465A-B317-556D10682B3E}"
EndProject
Project("{FAE04EC0-301F-11D3-BF4B-00C04F79EFBC}") = "P03_PointInRectangle", "P03_PointInRectangle\P03_PointInRectangle.csproj", "{D8D29647-8516-41C4-AFD1-CDE570A7F9E7}"
EndProject
Project("{FAE04EC0-301F-11D3-BF4B-00C04F79EFBC}") = "P04_FruitOrVegetable", "P04_FruitOrVegetable\P04_FruitOrVegetable.csproj", "{F1A32526-3F36-46AB-B2F9-C363E6EEC027}"
EndProject
Project("{FAE04EC0-301F-11D3-BF4B-00C04F79EFBC}") = "P05_InvalidNumber", "P05_InvalidNumber\P05_InvalidNumber.csproj", "{BBA529DE-41FE-42ED-AB9A-092AE952078C}"
EndProject
Project("{FAE04EC0-301F-11D3-BF4B-00C04F79EFBC}") = "P06_PointOnRectangleBorder", "P06_PointOnRectangleBorder\P06_PointOnRectangleBorder.csproj", "{0A2E7F28-4948-46D0-AD17-D2697582FBCF}"
EndProject
Global
	GlobalSection(SolutionConfigurationPlatforms) = preSolution
		Debug|Any CPU = Debug|Any CPU
		Release|Any CPU = Release|Any CPU
	EndGlobalSection
	GlobalSection(ProjectConfigurationPlatforms) = postSolution
		{2F27061F-FEA8-4031-B36A-29AB6AB8A430}.Debug|Any CPU.ActiveCfg = Debug|Any CPU
		{2F27061F-FEA8-4031-B36A-29AB6AB8A430}.Debug|Any CPU.Build.0 = Debug|Any CPU
		{2F27061F-FEA8-4031-B36A-29AB6AB8A430}.Release|Any CPU.ActiveCfg = Release|Any CPU
		{2F27061F-FEA8-4031-B36A-29AB6AB8A430}.Release|Any CPU.Build.0 = Release|Any CPU
		{2BEDE196-9876-465A-B317-556D10682B3E}.Debug|Any CPU.ActiveCfg = Debug|Any CPU
		{2BEDE196-9876-465A-B317-556D10682B3E}.Debug|Any CPU.Build.0 = Debug|Any CPU
		{2BEDE196-9876-465A-B317-556D10682B3E}.Release|Any CPU.ActiveCfg = Release|Any CPU
		{2BEDE196-9876-465A-B317-556D10682B3E}.Release|Any CPU.Build.0 = Release|Any CPU
		{D8D29647-8516-41C4-AFD1-CDE570A7F9E7}.Debug|Any CPU.ActiveCfg = Debug|Any CPU
		{D8D29647-8516-41C4-AFD1-CDE570A7F9E7}.Debug|Any CPU.Build.0 = Debug|Any CPU
		{D8D29647-8516-41C4-AFD1-CDE570A7F9E7}.Release|Any CPU.ActiveCfg = Release|Any CPU
		{D8D29647-8516-41C4-AFD1-CDE570A7F9E7}.Release|Any CPU.Build.0 = Release|Any CPU
		{F1A32526-3F36-46AB-B2F9-C363E6EEC027}.Debug|Any CPU.ActiveCfg = Debug|Any CPU
		{F1A32526-3F36-46AB-B2F9-C363E6EEC027}.Debug|Any CPU.Build.0 = Debug|Any CPU
		{F1A32526-3F36-46AB-B2F9-C363E6EEC027}.Release|Any CPU.ActiveCfg = Release|Any CPU
		{F1A32526-3F36-46AB-B2F9-C363E6EEC027}.Release|Any CPU.Build.0 = Release|Any CPU
		{BBA529DE-41FE-42ED-AB9A-092AE952078C}.Debug|Any CPU.ActiveCfg = Debug|Any CPU
		{BBA529DE-41FE-42ED-AB9A-092AE952078C}.Debug|Any CPU.Build.0 = Debug|Any CPU
		{BBA529DE-41FE-42ED-AB9A-092AE952078C}.Release|Any CPU.ActiveCfg = Release|Any CPU
		{BBA529DE-41FE-42ED-AB9A-092AE952078C}.Release|Any CPU.Build.0 = Release|Any CPU
		{0A2E7F28-4948-46D0-AD17-D2697582FBCF}.Debug|Any CPU.ActiveCfg = Debug|Any CPU
		{0A2E7F28-4948-46D0-AD17-D2697582FBCF}.Debug|Any CPU.Build.0 = Debug|Any CPU
		{0A2E7F28-4948-46D0-AD17-D2697582FBCF}.Release|Any CPU.ActiveCfg = Release|Any CPU
		{0A2E7F28-4948-46D0-AD17-D2697582FBCF}.Release|Any CPU.Build.0 = Release|Any CPU
	EndGlobalSection
	GlobalSection(SolutionProperties) = preSolution
		HideSolutionNode = FALSE
	EndGlobalSection
	GlobalSection(ExtensibilityGlobals) = postSolution
		SolutionGuid = {6E6D48C3-68AF-49A9-8538-10D9A2F4D459}
	EndGlobalSection
EndGlobal
