
Microsoft Visual Studio Solution File, Format Version 12.00
# Visual Studio 15
VisualStudioVersion = 15.0.27004.2006
MinimumVisualStudioVersion = 10.0.40219.1
Project("{FAE04EC0-301F-11D3-BF4B-00C04F79EFBC}") = "P01_NumbersFromOneToAOnehundred", "P01_NumbersFromOneToAOnehundred\P01_NumbersFromOneToAOnehundred.csproj", "{3C8C71C1-6C1D-4FE0-8069-3029A32E5C56}"
EndProject
Project("{FAE04EC0-301F-11D3-BF4B-00C04F79EFBC}") = "P02_NumbersEndingInSeven", "P02_NumbersEndingInSeven\P02_NumbersEndingInSeven.csproj", "{84F1F67F-6928-435E-BEBE-00651CF28EC5}"
EndProject
Project("{FAE04EC0-301F-11D3-BF4B-00C04F79EFBC}") = "P03_LatinLetters", "P03_LatinLetters\P03_LatinLetters.csproj", "{9CA582C1-83AF-46A2-833D-C529CB731CC6}"
EndProject
Project("{FAE04EC0-301F-11D3-BF4B-00C04F79EFBC}") = "P04_SumNumbers", "P04_SumNumbers\P04_SumNumbers.csproj", "{8DADE908-1B42-492A-A53E-142ADEC3D8FE}"
EndProject
Project("{FAE04EC0-301F-11D3-BF4B-00C04F79EFBC}") = "P05_MaxNumber", "P05_MaxNumber\P05_MaxNumber.csproj", "{8314B81D-1224-4C76-B164-032824137A82}"
EndProject
Project("{FAE04EC0-301F-11D3-BF4B-00C04F79EFBC}") = "P06_MinNumber", "P06_MinNumber\P06_MinNumber.csproj", "{42BC4E9A-71CE-45D4-A7E8-231127118066}"
EndProject
Project("{FAE04EC0-301F-11D3-BF4B-00C04F79EFBC}") = "P07_LeftAndRightSum", "P07_LeftAndRightSum\P07_LeftAndRightSum.csproj", "{287805ED-5249-416D-ACD9-E8B764D4057C}"
EndProject
Project("{FAE04EC0-301F-11D3-BF4B-00C04F79EFBC}") = "P08_OddEvenSum", "P08_OddEvenSum\P08_OddEvenSum.csproj", "{AF9AFDB6-7BB1-481C-A96B-1355838F8835}"
EndProject
Project("{FAE04EC0-301F-11D3-BF4B-00C04F79EFBC}") = "P09_VowelsSum", "P09_VowelsSum\P09_VowelsSum.csproj", "{DBFCDC82-7AE5-490A-A6BA-0E3204916272}"
EndProject
Project("{FAE04EC0-301F-11D3-BF4B-00C04F79EFBC}") = "P10_HalfSumElement", "P10_HalfSumElement\P10_HalfSumElement.csproj", "{3A0625DA-D0EA-4AE3-B91A-1E8AE1DE628D}"
EndProject
Project("{FAE04EC0-301F-11D3-BF4B-00C04F79EFBC}") = "P11_OddEvenPosition", "P11_OddEvenPosition\P11_OddEvenPosition.csproj", "{C1511946-DACB-45B1-89DE-D322C746B3D7}"
EndProject
Project("{FAE04EC0-301F-11D3-BF4B-00C04F79EFBC}") = "P12_EqualPairs", "P12_EqualPairs\P12_EqualPairs.csproj", "{8824F411-4589-4CEF-A9BE-E9DB044459E3}"
EndProject
Global
	GlobalSection(SolutionConfigurationPlatforms) = preSolution
		Debug|Any CPU = Debug|Any CPU
		Release|Any CPU = Release|Any CPU
	EndGlobalSection
	GlobalSection(ProjectConfigurationPlatforms) = postSolution
		{3C8C71C1-6C1D-4FE0-8069-3029A32E5C56}.Debug|Any CPU.ActiveCfg = Debug|Any CPU
		{3C8C71C1-6C1D-4FE0-8069-3029A32E5C56}.Debug|Any CPU.Build.0 = Debug|Any CPU
		{3C8C71C1-6C1D-4FE0-8069-3029A32E5C56}.Release|Any CPU.ActiveCfg = Release|Any CPU
		{3C8C71C1-6C1D-4FE0-8069-3029A32E5C56}.Release|Any CPU.Build.0 = Release|Any CPU
		{84F1F67F-6928-435E-BEBE-00651CF28EC5}.Debug|Any CPU.ActiveCfg = Debug|Any CPU
		{84F1F67F-6928-435E-BEBE-00651CF28EC5}.Debug|Any CPU.Build.0 = Debug|Any CPU
		{84F1F67F-6928-435E-BEBE-00651CF28EC5}.Release|Any CPU.ActiveCfg = Release|Any CPU
		{84F1F67F-6928-435E-BEBE-00651CF28EC5}.Release|Any CPU.Build.0 = Release|Any CPU
		{9CA582C1-83AF-46A2-833D-C529CB731CC6}.Debug|Any CPU.ActiveCfg = Debug|Any CPU
		{9CA582C1-83AF-46A2-833D-C529CB731CC6}.Debug|Any CPU.Build.0 = Debug|Any CPU
		{9CA582C1-83AF-46A2-833D-C529CB731CC6}.Release|Any CPU.ActiveCfg = Release|Any CPU
		{9CA582C1-83AF-46A2-833D-C529CB731CC6}.Release|Any CPU.Build.0 = Release|Any CPU
		{8DADE908-1B42-492A-A53E-142ADEC3D8FE}.Debug|Any CPU.ActiveCfg = Debug|Any CPU
		{8DADE908-1B42-492A-A53E-142ADEC3D8FE}.Debug|Any CPU.Build.0 = Debug|Any CPU
		{8DADE908-1B42-492A-A53E-142ADEC3D8FE}.Release|Any CPU.ActiveCfg = Release|Any CPU
		{8DADE908-1B42-492A-A53E-142ADEC3D8FE}.Release|Any CPU.Build.0 = Release|Any CPU
		{8314B81D-1224-4C76-B164-032824137A82}.Debug|Any CPU.ActiveCfg = Debug|Any CPU
		{8314B81D-1224-4C76-B164-032824137A82}.Debug|Any CPU.Build.0 = Debug|Any CPU
		{8314B81D-1224-4C76-B164-032824137A82}.Release|Any CPU.ActiveCfg = Release|Any CPU
		{8314B81D-1224-4C76-B164-032824137A82}.Release|Any CPU.Build.0 = Release|Any CPU
		{42BC4E9A-71CE-45D4-A7E8-231127118066}.Debug|Any CPU.ActiveCfg = Debug|Any CPU
		{42BC4E9A-71CE-45D4-A7E8-231127118066}.Debug|Any CPU.Build.0 = Debug|Any CPU
		{42BC4E9A-71CE-45D4-A7E8-231127118066}.Release|Any CPU.ActiveCfg = Release|Any CPU
		{42BC4E9A-71CE-45D4-A7E8-231127118066}.Release|Any CPU.Build.0 = Release|Any CPU
		{287805ED-5249-416D-ACD9-E8B764D4057C}.Debug|Any CPU.ActiveCfg = Debug|Any CPU
		{287805ED-5249-416D-ACD9-E8B764D4057C}.Debug|Any CPU.Build.0 = Debug|Any CPU
		{287805ED-5249-416D-ACD9-E8B764D4057C}.Release|Any CPU.ActiveCfg = Release|Any CPU
		{287805ED-5249-416D-ACD9-E8B764D4057C}.Release|Any CPU.Build.0 = Release|Any CPU
		{AF9AFDB6-7BB1-481C-A96B-1355838F8835}.Debug|Any CPU.ActiveCfg = Debug|Any CPU
		{AF9AFDB6-7BB1-481C-A96B-1355838F8835}.Debug|Any CPU.Build.0 = Debug|Any CPU
		{AF9AFDB6-7BB1-481C-A96B-1355838F8835}.Release|Any CPU.ActiveCfg = Release|Any CPU
		{AF9AFDB6-7BB1-481C-A96B-1355838F8835}.Release|Any CPU.Build.0 = Release|Any CPU
		{DBFCDC82-7AE5-490A-A6BA-0E3204916272}.Debug|Any CPU.ActiveCfg = Debug|Any CPU
		{DBFCDC82-7AE5-490A-A6BA-0E3204916272}.Debug|Any CPU.Build.0 = Debug|Any CPU
		{DBFCDC82-7AE5-490A-A6BA-0E3204916272}.Release|Any CPU.ActiveCfg = Release|Any CPU
		{DBFCDC82-7AE5-490A-A6BA-0E3204916272}.Release|Any CPU.Build.0 = Release|Any CPU
		{3A0625DA-D0EA-4AE3-B91A-1E8AE1DE628D}.Debug|Any CPU.ActiveCfg = Debug|Any CPU
		{3A0625DA-D0EA-4AE3-B91A-1E8AE1DE628D}.Debug|Any CPU.Build.0 = Debug|Any CPU
		{3A0625DA-D0EA-4AE3-B91A-1E8AE1DE628D}.Release|Any CPU.ActiveCfg = Release|Any CPU
		{3A0625DA-D0EA-4AE3-B91A-1E8AE1DE628D}.Release|Any CPU.Build.0 = Release|Any CPU
		{C1511946-DACB-45B1-89DE-D322C746B3D7}.Debug|Any CPU.ActiveCfg = Debug|Any CPU
		{C1511946-DACB-45B1-89DE-D322C746B3D7}.Debug|Any CPU.Build.0 = Debug|Any CPU
		{C1511946-DACB-45B1-89DE-D322C746B3D7}.Release|Any CPU.ActiveCfg = Release|Any CPU
		{C1511946-DACB-45B1-89DE-D322C746B3D7}.Release|Any CPU.Build.0 = Release|Any CPU
		{8824F411-4589-4CEF-A9BE-E9DB044459E3}.Debug|Any CPU.ActiveCfg = Debug|Any CPU
		{8824F411-4589-4CEF-A9BE-E9DB044459E3}.Debug|Any CPU.Build.0 = Debug|Any CPU
		{8824F411-4589-4CEF-A9BE-E9DB044459E3}.Release|Any CPU.ActiveCfg = Release|Any CPU
		{8824F411-4589-4CEF-A9BE-E9DB044459E3}.Release|Any CPU.Build.0 = Release|Any CPU
	EndGlobalSection
	GlobalSection(SolutionProperties) = preSolution
		HideSolutionNode = FALSE
	EndGlobalSection
	GlobalSection(ExtensibilityGlobals) = postSolution
		SolutionGuid = {67D7465C-12CE-474D-B863-521AC2717F33}
	EndGlobalSection
EndGlobal
